PODS:
  - FlutterMacOS (1.0.0)
  - rust_lib_nahpu (0.0.1):
    - FlutterMacOS

DEPENDENCIES:
  - FlutterMacOS (from `Flutter/ephemeral`)
  - rust_lib_nahpu (from `Flutter/ephemeral/.symlinks/plugins/rust_lib_nahpu/macos`)

EXTERNAL SOURCES:
  FlutterMacOS:
    :path: Flutter/ephemeral
  rust_lib_nahpu:
    :path: Flutter/ephemeral/.symlinks/plugins/rust_lib_nahpu/macos

SPEC CHECKSUMS:
  FlutterMacOS: c232990155153907050900a2e175c7773903ba4e
  rust_lib_nahpu: 86cb02663d5a57f3ec07ac93813d0f232e8efb9f

PODFILE CHECKSUM: 1e95c36afbfd1cb6423ceca4de7a8e1b256fb6ac

COCOAPODS: 1.16.2
