PODS:
  - flutter_inappwebview_macos (0.0.1):
    - FlutterMacOS
    - OrderedSet (~> 6.0.3)
  - FlutterMacOS (1.0.0)
  - OrderedSet (6.0.3)
  - rust_lib_nahpu (0.0.1):
    - FlutterMacOS

DEPENDENCIES:
  - flutter_inappwebview_macos (from `Flutter/ephemeral/.symlinks/plugins/flutter_inappwebview_macos/macos`)
  - FlutterMacOS (from `Flutter/ephemeral`)
  - rust_lib_nahpu (from `Flutter/ephemeral/.symlinks/plugins/rust_lib_nahpu/macos`)

SPEC REPOS:
  trunk:
    - OrderedSet

EXTERNAL SOURCES:
  flutter_inappwebview_macos:
    :path: Flutter/ephemeral/.symlinks/plugins/flutter_inappwebview_macos/macos
  FlutterMacOS:
    :path: Flutter/ephemeral
  rust_lib_nahpu:
    :path: Flutter/ephemeral/.symlinks/plugins/rust_lib_nahpu/macos

SPEC CHECKSUMS:
  flutter_inappwebview_macos: c2d68649f9f8f1831bfcd98d73fd6256366d9d1d
  FlutterMacOS: c232990155153907050900a2e175c7773903ba4e
  OrderedSet: e539b66b644ff081c73a262d24ad552a69be3a94
  rust_lib_nahpu: 86cb02663d5a57f3ec07ac93813d0f232e8efb9f

PODFILE CHECKSUM: 1e95c36afbfd1cb6423ceca4de7a8e1b256fb6ac

COCOAPODS: 1.16.2
