PODS:
  - Flutter (1.0.0)
  - rust_lib_nahpu (0.0.1):
    - Flutter

DEPENDENCIES:
  - Flutter (from `Flutter`)
  - rust_lib_nahpu (from `.symlinks/plugins/rust_lib_nahpu/ios`)

EXTERNAL SOURCES:
  Flutter:
    :path: Flutter
  rust_lib_nahpu:
    :path: ".symlinks/plugins/rust_lib_nahpu/ios"

SPEC CHECKSUMS:
  Flutter: 71a624a5bc0c04062bf19101d501e466baf2fb47
  rust_lib_nahpu: 0bbd60141d65c60ffc60b017838a7c0b30f35e9e

PODFILE CHECKSUM: 3ba3a73b1b12adcf321a227a745625fe0888cc82

COCOAPODS: 1.16.2
